{
  "name": "example",
  "version": "1.0.0",
  "lockfileVersion": 3,
  "requires": true,
  "packages": {
    "": {
      "name": "example",
      "version": "1.0.0",
      "license": "ISC",
      "dependencies": {
        "zlib-module-js": "^0.3.2"
      }
    },
    "node_modules/zlib-module-js": {
      "version": "0.3.2",
      "resolved": "https://registry.npmjs.org/zlib-module-js/-/zlib-module-js-0.3.2.tgz",
      "integrity": "sha512-X4vXJTt1U1phmh8aEylIJnPrSjHKDQ3K9UIKga05yZ2HAHm37NniHilhxQnod0Z24RzGnXmg2L4iVm0YMGlbng=="
    }
  }
}
